# This file is automatically @generated by Poetry 2.2.1 and should not be changed by hand.

[[package]]
name = "icalendar"
version = "6.3.2"
description = "iCalendar parser/generator"
optional = false
python-versions = ">=3.8"
groups = ["main"]
files = [
    {file = "icalendar-6.3.2-py3-none-any.whl", hash = "sha256:d400e9c9bb8c025e5a3c77c236941bb690494be52528a0b43cc7e8b7c9505064"},
    {file = "icalendar-6.3.2.tar.gz", hash = "sha256:e0c10ecbfcebe958d33af7d491f6e6b7580d11d475f2eeb29532d0424f9110a1"},
]

[package.dependencies]
python-dateutil = "*"
tzdata = "*"

[package.extras]
test = ["coverage", "hypothesis", "pytest", "pytz"]

[[package]]
name = "python-dateutil"
version = "2.9.0.post0"
description = "Extensions to the standard Python datetime module"
optional = false
python-versions = "!=3.0.*,!=3.1.*,!=3.2.*,>=2.7"
groups = ["main"]
files = [
    {file = "python-dateutil-2.9.0.post0.tar.gz", hash = "sha256:37dd54208da7e1cd875388217d5e00ebd4179249f90fb72437e91a35459a0ad3"},
    {file = "python_dateutil-2.9.0.post0-py2.py3-none-any.whl", hash = "sha256:a8b2bc7bffae282281c8140a97d3aa9c14da0b136dfe83f850eea9a5f7470427"},
]

[package.dependencies]
six = ">=1.5"

[[package]]
name = "six"
version = "1.17.0"
description = "Python 2 and 3 compatibility utilities"
optional = false
python-versions = "!=3.0.*,!=3.1.*,!=3.2.*,>=2.7"
groups = ["main"]
files = [
    {file = "six-1.17.0-py2.py3-none-any.whl", hash = "sha256:4721f391ed90541fddacab5acf947aa0d3dc7d27b2e1e8eda2be8970586c3274"},
    {file = "six-1.17.0.tar.gz", hash = "sha256:ff70335d468e7eb6ec65b95b99d3a2836546063f63acc5171de367e834932a81"},
]

[[package]]
name = "tzdata"
version = "2025.2"
description = "Provider of IANA time zone data"
optional = false
python-versions = ">=2"
groups = ["main"]
files = [
    {file = "tzdata-2025.2-py2.py3-none-any.whl", hash = "sha256:1a403fada01ff9221ca8044d701868fa132215d84beb92242d9acd2147f667a8"},
    {file = "tzdata-2025.2.tar.gz", hash = "sha256:b60a638fcc0daffadf82fe0f57e53d06bdec2f36c4df66280ae79bce6bd6f2b9"},
]

[metadata]
lock-version = "2.1"
python-versions = "^3.10"
content-hash = "be2c1b9b1351f4727a0206d6a8db1972447f2d79114bf44ec2a6f23424e3dfd3"
